
Microsoft Visual Studio Solution File, Format Version 12.00
# Visual Studio 15
VisualStudioVersion = 15.0.28307.421
MinimumVisualStudioVersion = 10.0.40219.1
Project("{FAE04EC0-301F-11D3-BF4B-00C04F79EFBC}") = "ModelGry", "ModelGry\ModelGry.csproj", "{00C0E9B0-7493-4355-91DF-F1B664B6BEAE}"
EndProject
Project("{FAE04EC0-301F-11D3-BF4B-00C04F79EFBC}") = "UnitTestProject1", "UnitTestProject1\UnitTestProject1.csproj", "{558EE549-1663-41B5-86FF-79B34589E314}"
EndProject
Global
	GlobalSection(SolutionConfigurationPlatforms) = preSolution
		Debug|Any CPU = Debug|Any CPU
		Release|Any CPU = Release|Any CPU
	EndGlobalSection
	GlobalSection(ProjectConfigurationPlatforms) = postSolution
		{00C0E9B0-7493-4355-91DF-F1B664B6BEAE}.Debug|Any CPU.ActiveCfg = Debug|Any CPU
		{00C0E9B0-7493-4355-91DF-F1B664B6BEAE}.Debug|Any CPU.Build.0 = Debug|Any CPU
		{00C0E9B0-7493-4355-91DF-F1B664B6BEAE}.Release|Any CPU.ActiveCfg = Release|Any CPU
		{00C0E9B0-7493-4355-91DF-F1B664B6BEAE}.Release|Any CPU.Build.0 = Release|Any CPU
		{558EE549-1663-41B5-86FF-79B34589E314}.Debug|Any CPU.ActiveCfg = Debug|Any CPU
		{558EE549-1663-41B5-86FF-79B34589E314}.Debug|Any CPU.Build.0 = Debug|Any CPU
		{558EE549-1663-41B5-86FF-79B34589E314}.Release|Any CPU.ActiveCfg = Release|Any CPU
		{558EE549-1663-41B5-86FF-79B34589E314}.Release|Any CPU.Build.0 = Release|Any CPU
	EndGlobalSection
	GlobalSection(SolutionProperties) = preSolution
		HideSolutionNode = FALSE
	EndGlobalSection
	GlobalSection(ExtensibilityGlobals) = postSolution
		SolutionGuid = {9AFE27F2-977F-4B2E-AFE2-53F33DB47DBF}
	EndGlobalSection
EndGlobal
