
Microsoft Visual Studio Solution File, Format Version 12.00
# Visual Studio 15
VisualStudioVersion = 15.0.28010.2026
MinimumVisualStudioVersion = 10.0.40219.1
Project("{FAE04EC0-301F-11D3-BF4B-00C04F79EFBC}") = "GraMonolitycznie", "GraMonolitycznie\GraMonolitycznie.csproj", "{D2424E9B-877C-4378-A956-9DF0D43BD5B7}"
EndProject
Global
	GlobalSection(SolutionConfigurationPlatforms) = preSolution
		Debug|Any CPU = Debug|Any CPU
		Release|Any CPU = Release|Any CPU
	EndGlobalSection
	GlobalSection(ProjectConfigurationPlatforms) = postSolution
		{D2424E9B-877C-4378-A956-9DF0D43BD5B7}.Debug|Any CPU.ActiveCfg = Debug|Any CPU
		{D2424E9B-877C-4378-A956-9DF0D43BD5B7}.Debug|Any CPU.Build.0 = Debug|Any CPU
		{D2424E9B-877C-4378-A956-9DF0D43BD5B7}.Release|Any CPU.ActiveCfg = Release|Any CPU
		{D2424E9B-877C-4378-A956-9DF0D43BD5B7}.Release|Any CPU.Build.0 = Release|Any CPU
	EndGlobalSection
	GlobalSection(SolutionProperties) = preSolution
		HideSolutionNode = FALSE
	EndGlobalSection
	GlobalSection(ExtensibilityGlobals) = postSolution
		SolutionGuid = {440BA629-8890-4AC8-AA4E-925032C56B55}
	EndGlobalSection
EndGlobal
